hash: 19a0e5c384b74c03660fa5ffce63781dbb06fecd9748913bcd0011d23c58d531
updated: 2018-07-11T18:38:33.6003639Z
imports:
- name: github.com/sahilm/fuzzy
  version: df93d96a0fd86b97655b90f63c70802b4e793afb
- name: github.com/urfave/cli
  version: cfb38830724cc34fedffe9a2a29fb54fa9169cd1
testImports: []
